
Microsoft Visual Studio Solution File, Format Version 12.00
# Visual Studio Version 16
VisualStudioVersion = 16.0.30225.117
MinimumVisualStudioVersion = 10.0.40219.1
Project("{FAE04EC0-301F-11D3-BF4B-00C04F79EFBC}") = "Auto_Part_Detection_Debug_App", "Auto_Part_Detection_Debug_App.csproj", "{CBED36C3-AFBD-48F0-922C-0F09D334B384}"
EndProject
Global
	GlobalSection(SolutionConfigurationPlatforms) = preSolution
		Debug|Any CPU = Debug|Any CPU
		Release|Any CPU = Release|Any CPU
	EndGlobalSection
	GlobalSection(ProjectConfigurationPlatforms) = postSolution
		{CBED36C3-AFBD-48F0-922C-0F09D334B384}.Debug|Any CPU.ActiveCfg = Debug|Any CPU
		{CBED36C3-AFBD-48F0-922C-0F09D334B384}.Debug|Any CPU.Build.0 = Debug|Any CPU
		{CBED36C3-AFBD-48F0-922C-0F09D334B384}.Release|Any CPU.ActiveCfg = Release|Any CPU
		{CBED36C3-AFBD-48F0-922C-0F09D334B384}.Release|Any CPU.Build.0 = Release|Any CPU
	EndGlobalSection
	GlobalSection(SolutionProperties) = preSolution
		HideSolutionNode = FALSE
	EndGlobalSection
	GlobalSection(ExtensibilityGlobals) = postSolution
		SolutionGuid = {801F5127-90F6-4255-80EF-F69D37DB893D}
	EndGlobalSection
EndGlobal
